// !$*UTF8*$!
{
	archiveVersion = 1;
	classes = {
	};
	objectVersion = 51;
	objects = {

/* Begin PBXBuildFile section */
		5C5172C4450CB7D2C30465B8 /* Pods_Bespoke_Digital_Media_learning.framework in Frameworks */ = {isa = PBXBuildFile; fileRef = 45D2B6E6BED22FBC8F177EE6 /* Pods_Bespoke_Digital_Media_learning.framework */; };
		E6525AAA245C025000B50940 /* SimpleVC.swift in Sources */ = {isa = PBXBuildFile; fileRef = E6525AA8245C025000B50940 /* SimpleVC.swift */; };
		E6525AAB245C025000B50940 /* SimpleVC.xib in Resources */ = {isa = PBXBuildFile; fileRef = E6525AA9245C025000B50940 /* SimpleVC.xib */; };
		E6525AB2245C045600B50940 /* SimpleVC2.swift in Sources */ = {isa = PBXBuildFile; fileRef = E6525AB0245C045600B50940 /* SimpleVC2.swift */; };
		E6525AB3245C045600B50940 /* SimpleVC2.xib in Resources */ = {isa = PBXBuildFile; fileRef = E6525AB1245C045600B50940 /* SimpleVC2.xib */; };
		E67FB6922458BC5400EA989A /* HomeViewController.swift in Sources */ = {isa = PBXBuildFile; fileRef = E67FB6912458BC5400EA989A /* HomeViewController.swift */; };
		E6821971245AF23C001D6A77 /* ContactView.swift in Sources */ = {isa = PBXBuildFile; fileRef = E6821970245AF23C001D6A77 /* ContactView.swift */; };
		E69FECE7245958E90069709A /* swift+gif.swift in Sources */ = {isa = PBXBuildFile; fileRef = E69FECE6245958E90069709A /* swift+gif.swift */; };
		E69FECEE24595CB50069709A /* message.gif in Resources */ = {isa = PBXBuildFile; fileRef = E69FECE824595CB50069709A /* message.gif */; };
		E69FECEF24595CB50069709A /* assignment.gif in Resources */ = {isa = PBXBuildFile; fileRef = E69FECE924595CB50069709A /* assignment.gif */; };
		E69FECF024595CB50069709A /* performance.gif in Resources */ = {isa = PBXBuildFile; fileRef = E69FECEA24595CB50069709A /* performance.gif */; };
		E69FECF124595CB50069709A /* feesvect.gif in Resources */ = {isa = PBXBuildFile; fileRef = E69FECEB24595CB50069709A /* feesvect.gif */; };
		E69FECF224595CB50069709A /* timetable.gif in Resources */ = {isa = PBXBuildFile; fileRef = E69FECEC24595CB50069709A /* timetable.gif */; };
		E69FECF324595CB50069709A /* attendance.gif in Resources */ = {isa = PBXBuildFile; fileRef = E69FECED24595CB50069709A /* attendance.gif */; };
		E69FECF524597D4C0069709A /* TimetableViewController.swift in Sources */ = {isa = PBXBuildFile; fileRef = E69FECF424597D4C0069709A /* TimetableViewController.swift */; };
		E69FECF924598EEC0069709A /* ProfileViewController.swift in Sources */ = {isa = PBXBuildFile; fileRef = E69FECF824598EEC0069709A /* ProfileViewController.swift */; };
		E6ADF3B1245A91A300A9ABBB /* RevisionTableViewController.swift in Sources */ = {isa = PBXBuildFile; fileRef = E6ADF3B0245A91A300A9ABBB /* RevisionTableViewController.swift */; };
		E6B2B1FF245A98460076DDC8 /* AssignmentCell.swift in Sources */ = {isa = PBXBuildFile; fileRef = E6B2B1FE245A98460076DDC8 /* AssignmentCell.swift */; };
		E6B2B203245A9FD30076DDC8 /* AssignmentTable.swift in Sources */ = {isa = PBXBuildFile; fileRef = E6B2B202245A9FD30076DDC8 /* AssignmentTable.swift */; };
		E6B2B205245AA62F0076DDC8 /* timeTableCell.swift in Sources */ = {isa = PBXBuildFile; fileRef = E6B2B204245AA62E0076DDC8 /* timeTableCell.swift */; };
		E6E87E87245AFAFC0091607A /* FeeSubmissionViewController.swift in Sources */ = {isa = PBXBuildFile; fileRef = E6E87E86245AFAFC0091607A /* FeeSubmissionViewController.swift */; };
		E6F681DA2456BC5D007CD2FA /* AppDelegate.swift in Sources */ = {isa = PBXBuildFile; fileRef = E6F681D92456BC5D007CD2FA /* AppDelegate.swift */; };
		E6F681DC2456BC5D007CD2FA /* SceneDelegate.swift in Sources */ = {isa = PBXBuildFile; fileRef = E6F681DB2456BC5D007CD2FA /* SceneDelegate.swift */; };
		E6F681DE2456BC5D007CD2FA /* ViewController.swift in Sources */ = {isa = PBXBuildFile; fileRef = E6F681DD2456BC5D007CD2FA /* ViewController.swift */; };
		E6F681E12456BC5D007CD2FA /* Main.storyboard in Resources */ = {isa = PBXBuildFile; fileRef = E6F681DF2456BC5D007CD2FA /* Main.storyboard */; };
		E6F681E32456BC64007CD2FA /* Assets.xcassets in Resources */ = {isa = PBXBuildFile; fileRef = E6F681E22456BC64007CD2FA /* Assets.xcassets */; };
		E6F681E62456BC64007CD2FA /* LaunchScreen.storyboard in Resources */ = {isa = PBXBuildFile; fileRef = E6F681E42456BC64007CD2FA /* LaunchScreen.storyboard */; };
		E6F681EE2456BE92007CD2FA /* Montserrat in Resources */ = {isa = PBXBuildFile; fileRef = E6F681ED2456BE92007CD2FA /* Montserrat */; };
		E6FB621D245C3EAF008859E5 /* NotificationViewController.swift in Sources */ = {isa = PBXBuildFile; fileRef = E6FB621C245C3EAF008859E5 /* NotificationViewController.swift */; };
		E6FB621F245C3EE8008859E5 /* NotificationTableViewCell.swift in Sources */ = {isa = PBXBuildFile; fileRef = E6FB621E245C3EE8008859E5 /* NotificationTableViewCell.swift */; };
		E6FE38AB2459A89800871D7A /* AboutViewController.swift in Sources */ = {isa = PBXBuildFile; fileRef = E6FE38AA2459A89800871D7A /* AboutViewController.swift */; };
/* End PBXBuildFile section */

/* Begin PBXFileReference section */
		45D2B6E6BED22FBC8F177EE6 /* Pods_Bespoke_Digital_Media_learning.framework */ = {isa = PBXFileReference; explicitFileType = wrapper.framework; includeInIndex = 0; path = Pods_Bespoke_Digital_Media_learning.framework; sourceTree = BUILT_PRODUCTS_DIR; };
		77F9DA6DB6E3812856104940 /* Pods-Bespoke Digital Media learning.release.xcconfig */ = {isa = PBXFileReference; includeInIndex = 1; lastKnownFileType = text.xcconfig; name = "Pods-Bespoke Digital Media learning.release.xcconfig"; path = "Target Support Files/Pods-Bespoke Digital Media learning/Pods-Bespoke Digital Media learning.release.xcconfig"; sourceTree = "<group>"; };
		E5698BB60CF11E3895F4D94A /* Pods-Bespoke Digital Media learning.debug.xcconfig */ = {isa = PBXFileReference; includeInIndex = 1; lastKnownFileType = text.xcconfig; name = "Pods-Bespoke Digital Media learning.debug.xcconfig"; path = "Target Support Files/Pods-Bespoke Digital Media learning/Pods-Bespoke Digital Media learning.debug.xcconfig"; sourceTree = "<group>"; };
		E6525AA8245C025000B50940 /* SimpleVC.swift */ = {isa = PBXFileReference; lastKnownFileType = sourcecode.swift; path = SimpleVC.swift; sourceTree = "<group>"; };
		E6525AA9245C025000B50940 /* SimpleVC.xib */ = {isa = PBXFileReference; lastKnownFileType = file.xib; path = SimpleVC.xib; sourceTree = "<group>"; };
		E6525AB0245C045600B50940 /* SimpleVC2.swift */ = {isa = PBXFileReference; lastKnownFileType = sourcecode.swift; path = SimpleVC2.swift; sourceTree = "<group>"; };
		E6525AB1245C045600B50940 /* SimpleVC2.xib */ = {isa = PBXFileReference; lastKnownFileType = file.xib; path = SimpleVC2.xib; sourceTree = "<group>"; };
		E67FB6912458BC5400EA989A /* HomeViewController.swift */ = {isa = PBXFileReference; lastKnownFileType = sourcecode.swift; path = HomeViewController.swift; sourceTree = "<group>"; };
		E6821970245AF23C001D6A77 /* ContactView.swift */ = {isa = PBXFileReference; lastKnownFileType = sourcecode.swift; path = ContactView.swift; sourceTree = "<group>"; };
		E69FECE6245958E90069709A /* swift+gif.swift */ = {isa = PBXFileReference; lastKnownFileType = sourcecode.swift; path = "swift+gif.swift"; sourceTree = "<group>"; };
		E69FECE824595CB50069709A /* message.gif */ = {isa = PBXFileReference; lastKnownFileType = image.gif; path = message.gif; sourceTree = "<group>"; };
		E69FECE924595CB50069709A /* assignment.gif */ = {isa = PBXFileReference; lastKnownFileType = image.gif; path = assignment.gif; sourceTree = "<group>"; };
		E69FECEA24595CB50069709A /* performance.gif */ = {isa = PBXFileReference; lastKnownFileType = image.gif; path = performance.gif; sourceTree = "<group>"; };
		E69FECEB24595CB50069709A /* feesvect.gif */ = {isa = PBXFileReference; lastKnownFileType = image.gif; path = feesvect.gif; sourceTree = "<group>"; };
		E69FECEC24595CB50069709A /* timetable.gif */ = {isa = PBXFileReference; lastKnownFileType = image.gif; path = timetable.gif; sourceTree = "<group>"; };
		E69FECED24595CB50069709A /* attendance.gif */ = {isa = PBXFileReference; lastKnownFileType = image.gif; path = attendance.gif; sourceTree = "<group>"; };
		E69FECF424597D4C0069709A /* TimetableViewController.swift */ = {isa = PBXFileReference; lastKnownFileType = sourcecode.swift; path = TimetableViewController.swift; sourceTree = "<group>"; };
		E69FECF824598EEC0069709A /* ProfileViewController.swift */ = {isa = PBXFileReference; lastKnownFileType = sourcecode.swift; path = ProfileViewController.swift; sourceTree = "<group>"; };
		E6ADF3B0245A91A300A9ABBB /* RevisionTableViewController.swift */ = {isa = PBXFileReference; lastKnownFileType = sourcecode.swift; path = RevisionTableViewController.swift; sourceTree = "<group>"; };
		E6B2B1FE245A98460076DDC8 /* AssignmentCell.swift */ = {isa = PBXFileReference; lastKnownFileType = sourcecode.swift; path = AssignmentCell.swift; sourceTree = "<group>"; };
		E6B2B202245A9FD30076DDC8 /* AssignmentTable.swift */ = {isa = PBXFileReference; lastKnownFileType = sourcecode.swift; name = AssignmentTable.swift; path = "/Users/anubhavsingh/Bespoke-School-Management/Bespoke Digital Media learning/Bespoke Digital Media learning/AssignmentTable.swift"; sourceTree = "<absolute>"; };
		E6B2B204245AA62E0076DDC8 /* timeTableCell.swift */ = {isa = PBXFileReference; lastKnownFileType = sourcecode.swift; name = timeTableCell.swift; path = "/Users/anubhavsingh/Bespoke-School-Management/Bespoke Digital Media learning/Bespoke Digital Media learning/timeTableCell.swift"; sourceTree = "<absolute>"; };
		E6E87E86245AFAFC0091607A /* FeeSubmissionViewController.swift */ = {isa = PBXFileReference; lastKnownFileType = sourcecode.swift; path = FeeSubmissionViewController.swift; sourceTree = "<group>"; };
		E6F681D62456BC5D007CD2FA /* Bespoke Digital Media learning.app */ = {isa = PBXFileReference; explicitFileType = wrapper.application; includeInIndex = 0; path = "Bespoke Digital Media learning.app"; sourceTree = BUILT_PRODUCTS_DIR; };
		E6F681D92456BC5D007CD2FA /* AppDelegate.swift */ = {isa = PBXFileReference; lastKnownFileType = sourcecode.swift; path = AppDelegate.swift; sourceTree = "<group>"; };
		E6F681DB2456BC5D007CD2FA /* SceneDelegate.swift */ = {isa = PBXFileReference; lastKnownFileType = sourcecode.swift; path = SceneDelegate.swift; sourceTree = "<group>"; };
		E6F681DD2456BC5D007CD2FA /* ViewController.swift */ = {isa = PBXFileReference; lastKnownFileType = sourcecode.swift; path = ViewController.swift; sourceTree = "<group>"; };
		E6F681E02456BC5D007CD2FA /* Base */ = {isa = PBXFileReference; lastKnownFileType = file.storyboard; name = Base; path = Base.lproj/Main.storyboard; sourceTree = "<group>"; };
		E6F681E22456BC64007CD2FA /* Assets.xcassets */ = {isa = PBXFileReference; lastKnownFileType = folder.assetcatalog; path = Assets.xcassets; sourceTree = "<group>"; };
		E6F681E52456BC64007CD2FA /* Base */ = {isa = PBXFileReference; lastKnownFileType = file.storyboard; name = Base; path = Base.lproj/LaunchScreen.storyboard; sourceTree = "<group>"; };
		E6F681E72456BC64007CD2FA /* Info.plist */ = {isa = PBXFileReference; lastKnownFileType = text.plist.xml; path = Info.plist; sourceTree = "<group>"; };
		E6F681ED2456BE92007CD2FA /* Montserrat */ = {isa = PBXFileReference; lastKnownFileType = folder; path = Montserrat; sourceTree = "<group>"; };
		E6FB621C245C3EAF008859E5 /* NotificationViewController.swift */ = {isa = PBXFileReference; lastKnownFileType = sourcecode.swift; path = NotificationViewController.swift; sourceTree = "<group>"; };
		E6FB621E245C3EE8008859E5 /* NotificationTableViewCell.swift */ = {isa = PBXFileReference; lastKnownFileType = sourcecode.swift; path = NotificationTableViewCell.swift; sourceTree = "<group>"; };
		E6FE38AA2459A89800871D7A /* AboutViewController.swift */ = {isa = PBXFileReference; lastKnownFileType = sourcecode.swift; path = AboutViewController.swift; sourceTree = "<group>"; };
/* End PBXFileReference section */

/* Begin PBXFrameworksBuildPhase section */
		E6F681D32456BC5D007CD2FA /* Frameworks */ = {
			isa = PBXFrameworksBuildPhase;
			buildActionMask = 2147483647;
			files = (
				5C5172C4450CB7D2C30465B8 /* Pods_Bespoke_Digital_Media_learning.framework in Frameworks */,
			);
			runOnlyForDeploymentPostprocessing = 0;
		};
/* End PBXFrameworksBuildPhase section */

/* Begin PBXGroup section */
		66ADC81CCD1D0D4294BDC9A4 /* Pods */ = {
			isa = PBXGroup;
			children = (
				E5698BB60CF11E3895F4D94A /* Pods-Bespoke Digital Media learning.debug.xcconfig */,
				77F9DA6DB6E3812856104940 /* Pods-Bespoke Digital Media learning.release.xcconfig */,
			);
			path = Pods;
			sourceTree = "<group>";
		};
		E2D3ACEB0D3006B235C7A812 /* Frameworks */ = {
			isa = PBXGroup;
			children = (
				45D2B6E6BED22FBC8F177EE6 /* Pods_Bespoke_Digital_Media_learning.framework */,
			);
			name = Frameworks;
			sourceTree = "<group>";
		};
		E6525AA7245C01F800B50940 /* New Group */ = {
			isa = PBXGroup;
			children = (
				E6525AA8245C025000B50940 /* SimpleVC.swift */,
				E6525AA9245C025000B50940 /* SimpleVC.xib */,
				E6525AB0245C045600B50940 /* SimpleVC2.swift */,
				E6525AB1245C045600B50940 /* SimpleVC2.xib */,
			);
			path = "New Group";
			sourceTree = "<group>";
		};
		E6F681CD2456BC5D007CD2FA = {
			isa = PBXGroup;
			children = (
				E6F681D82456BC5D007CD2FA /* Bespoke Digital Media learning */,
				E6F681D72456BC5D007CD2FA /* Products */,
				66ADC81CCD1D0D4294BDC9A4 /* Pods */,
				E2D3ACEB0D3006B235C7A812 /* Frameworks */,
			);
			sourceTree = "<group>";
		};
		E6F681D72456BC5D007CD2FA /* Products */ = {
			isa = PBXGroup;
			children = (
				E6F681D62456BC5D007CD2FA /* Bespoke Digital Media learning.app */,
			);
			name = Products;
			sourceTree = "<group>";
		};
		E6F681D82456BC5D007CD2FA /* Bespoke Digital Media learning */ = {
			isa = PBXGroup;
			children = (
				E6F681ED2456BE92007CD2FA /* Montserrat */,
				E6525AA7245C01F800B50940 /* New Group */,
				E6F681D92456BC5D007CD2FA /* AppDelegate.swift */,
				E6F681DB2456BC5D007CD2FA /* SceneDelegate.swift */,
				E69FECE6245958E90069709A /* swift+gif.swift */,
				E6F681DD2456BC5D007CD2FA /* ViewController.swift */,
				E67FB6912458BC5400EA989A /* HomeViewController.swift */,
				E6FB621E245C3EE8008859E5 /* NotificationTableViewCell.swift */,
				E6FB621C245C3EAF008859E5 /* NotificationViewController.swift */,
				E69FECF824598EEC0069709A /* ProfileViewController.swift */,
				E69FECF424597D4C0069709A /* TimetableViewController.swift */,
				E6B2B204245AA62E0076DDC8 /* timeTableCell.swift */,
				E6821970245AF23C001D6A77 /* ContactView.swift */,
				E6FE38AA2459A89800871D7A /* AboutViewController.swift */,
				E6B2B1FE245A98460076DDC8 /* AssignmentCell.swift */,
				E6B2B202245A9FD30076DDC8 /* AssignmentTable.swift */,
				E6E87E86245AFAFC0091607A /* FeeSubmissionViewController.swift */,
				E6F681DF2456BC5D007CD2FA /* Main.storyboard */,
				E6F681E22456BC64007CD2FA /* Assets.xcassets */,
				E6ADF3B0245A91A300A9ABBB /* RevisionTableViewController.swift */,
				E69FECE924595CB50069709A /* assignment.gif */,
				E69FECED24595CB50069709A /* attendance.gif */,
				E69FECEB24595CB50069709A /* feesvect.gif */,
				E69FECE824595CB50069709A /* message.gif */,
				E69FECEA24595CB50069709A /* performance.gif */,
				E69FECEC24595CB50069709A /* timetable.gif */,
				E6F681E42456BC64007CD2FA /* LaunchScreen.storyboard */,
				E6F681E72456BC64007CD2FA /* Info.plist */,
			);
			path = "Bespoke Digital Media learning";
			sourceTree = "<group>";
		};
/* End PBXGroup section */

/* Begin PBXNativeTarget section */
		E6F681D52456BC5D007CD2FA /* Bespoke Digital Media learning */ = {
			isa = PBXNativeTarget;
			buildConfigurationList = E6F681EA2456BC64007CD2FA /* Build configuration list for PBXNativeTarget "Bespoke Digital Media learning" */;
			buildPhases = (
				475B0BEA043331293AB82810 /* [CP] Check Pods Manifest.lock */,
				E6F681D22456BC5D007CD2FA /* Sources */,
				E6F681D32456BC5D007CD2FA /* Frameworks */,
				E6F681D42456BC5D007CD2FA /* Resources */,
				87996720BF9D702EE3BC6E62 /* [CP] Embed Pods Frameworks */,
			);
			buildRules = (
			);
			dependencies = (
			);
			name = "Bespoke Digital Media learning";
			productName = "Bespoke Digital Media learning";
			productReference = E6F681D62456BC5D007CD2FA /* Bespoke Digital Media learning.app */;
			productType = "com.apple.product-type.application";
		};
/* End PBXNativeTarget section */

/* Begin PBXProject section */
		E6F681CE2456BC5D007CD2FA /* Project object */ = {
			isa = PBXProject;
			attributes = {
				LastSwiftUpdateCheck = 1130;
				LastUpgradeCheck = 1130;
				ORGANIZATIONNAME = "Bespoke Digital Media";
				TargetAttributes = {
					E6F681D52456BC5D007CD2FA = {
						CreatedOnToolsVersion = 11.3.1;
					};
				};
			};
			buildConfigurationList = E6F681D12456BC5D007CD2FA /* Build configuration list for PBXProject "Bespoke Digital Media learning" */;
			compatibilityVersion = "Xcode 9.3";
			developmentRegion = en;
			hasScannedForEncodings = 0;
			knownRegions = (
				en,
				Base,
			);
			mainGroup = E6F681CD2456BC5D007CD2FA;
			productRefGroup = E6F681D72456BC5D007CD2FA /* Products */;
			projectDirPath = "";
			projectRoot = "";
			targets = (
				E6F681D52456BC5D007CD2FA /* Bespoke Digital Media learning */,
			);
		};
/* End PBXProject section */

/* Begin PBXResourcesBuildPhase section */
		E6F681D42456BC5D007CD2FA /* Resources */ = {
			isa = PBXResourcesBuildPhase;
			buildActionMask = 2147483647;
			files = (
				E69FECF024595CB50069709A /* performance.gif in Resources */,
				E6525AAB245C025000B50940 /* SimpleVC.xib in Resources */,
				E6F681E62456BC64007CD2FA /* LaunchScreen.storyboard in Resources */,
				E69FECEE24595CB50069709A /* message.gif in Resources */,
				E6F681EE2456BE92007CD2FA /* Montserrat in Resources */,
				E6F681E32456BC64007CD2FA /* Assets.xcassets in Resources */,
				E69FECF224595CB50069709A /* timetable.gif in Resources */,
				E69FECF124595CB50069709A /* feesvect.gif in Resources */,
				E6F681E12456BC5D007CD2FA /* Main.storyboard in Resources */,
				E69FECEF24595CB50069709A /* assignment.gif in Resources */,
				E69FECF324595CB50069709A /* attendance.gif in Resources */,
				E6525AB3245C045600B50940 /* SimpleVC2.xib in Resources */,
			);
			runOnlyForDeploymentPostprocessing = 0;
		};
/* End PBXResourcesBuildPhase section */

/* Begin PBXShellScriptBuildPhase section */
		475B0BEA043331293AB82810 /* [CP] Check Pods Manifest.lock */ = {
			isa = PBXShellScriptBuildPhase;
			buildActionMask = 2147483647;
			files = (
			);
			inputFileListPaths = (
			);
			inputPaths = (
				"${PODS_PODFILE_DIR_PATH}/Podfile.lock",
				"${PODS_ROOT}/Manifest.lock",
			);
			name = "[CP] Check Pods Manifest.lock";
			outputFileListPaths = (
			);
			outputPaths = (
				"$(DERIVED_FILE_DIR)/Pods-Bespoke Digital Media learning-checkManifestLockResult.txt",
			);
			runOnlyForDeploymentPostprocessing = 0;
			shellPath = /bin/sh;
			shellScript = "diff \"${PODS_PODFILE_DIR_PATH}/Podfile.lock\" \"${PODS_ROOT}/Manifest.lock\" > /dev/null\nif [ $? != 0 ] ; then\n    # print error to STDERR\n    echo \"error: The sandbox is not in sync with the Podfile.lock. Run 'pod install' or update your CocoaPods installation.\" >&2\n    exit 1\nfi\n# This output is used by Xcode 'outputs' to avoid re-running this script phase.\necho \"SUCCESS\" > \"${SCRIPT_OUTPUT_FILE_0}\"\n";
			showEnvVarsInLog = 0;
		};
		87996720BF9D702EE3BC6E62 /* [CP] Embed Pods Frameworks */ = {
			isa = PBXShellScriptBuildPhase;
			buildActionMask = 2147483647;
			files = (
			);
			inputFileListPaths = (
				"${PODS_ROOT}/Target Support Files/Pods-Bespoke Digital Media learning/Pods-Bespoke Digital Media learning-frameworks-${CONFIGURATION}-input-files.xcfilelist",
			);
			name = "[CP] Embed Pods Frameworks";
			outputFileListPaths = (
				"${PODS_ROOT}/Target Support Files/Pods-Bespoke Digital Media learning/Pods-Bespoke Digital Media learning-frameworks-${CONFIGURATION}-output-files.xcfilelist",
			);
			runOnlyForDeploymentPostprocessing = 0;
			shellPath = /bin/sh;
			shellScript = "\"${PODS_ROOT}/Target Support Files/Pods-Bespoke Digital Media learning/Pods-Bespoke Digital Media learning-frameworks.sh\"\n";
			showEnvVarsInLog = 0;
		};
/* End PBXShellScriptBuildPhase section */

/* Begin PBXSourcesBuildPhase section */
		E6F681D22456BC5D007CD2FA /* Sources */ = {
			isa = PBXSourcesBuildPhase;
			buildActionMask = 2147483647;
			files = (
				E6FB621F245C3EE8008859E5 /* NotificationTableViewCell.swift in Sources */,
				E6F681DE2456BC5D007CD2FA /* ViewController.swift in Sources */,
				E6B2B205245AA62F0076DDC8 /* timeTableCell.swift in Sources */,
				E6F681DA2456BC5D007CD2FA /* AppDelegate.swift in Sources */,
				E6E87E87245AFAFC0091607A /* FeeSubmissionViewController.swift in Sources */,
				E6ADF3B1245A91A300A9ABBB /* RevisionTableViewController.swift in Sources */,
				E6821971245AF23C001D6A77 /* ContactView.swift in Sources */,
				E69FECE7245958E90069709A /* swift+gif.swift in Sources */,
				E6B2B203245A9FD30076DDC8 /* AssignmentTable.swift in Sources */,
				E6FE38AB2459A89800871D7A /* AboutViewController.swift in Sources */,
				E6F681DC2456BC5D007CD2FA /* SceneDelegate.swift in Sources */,
				E69FECF524597D4C0069709A /* TimetableViewController.swift in Sources */,
				E6B2B1FF245A98460076DDC8 /* AssignmentCell.swift in Sources */,
				E6FB621D245C3EAF008859E5 /* NotificationViewController.swift in Sources */,
				E69FECF924598EEC0069709A /* ProfileViewController.swift in Sources */,
				E6525AAA245C025000B50940 /* SimpleVC.swift in Sources */,
				E67FB6922458BC5400EA989A /* HomeViewController.swift in Sources */,
				E6525AB2245C045600B50940 /* SimpleVC2.swift in Sources */,
			);
			runOnlyForDeploymentPostprocessing = 0;
		};
/* End PBXSourcesBuildPhase section */

/* Begin PBXVariantGroup section */
		E6F681DF2456BC5D007CD2FA /* Main.storyboard */ = {
			isa = PBXVariantGroup;
			children = (
				E6F681E02456BC5D007CD2FA /* Base */,
			);
			name = Main.storyboard;
			sourceTree = "<group>";
		};
		E6F681E42456BC64007CD2FA /* LaunchScreen.storyboard */ = {
			isa = PBXVariantGroup;
			children = (
				E6F681E52456BC64007CD2FA /* Base */,
			);
			name = LaunchScreen.storyboard;
			sourceTree = "<group>";
		};
/* End PBXVariantGroup section */

/* Begin XCBuildConfiguration section */
		E6F681E82456BC64007CD2FA /* Debug */ = {
			isa = XCBuildConfiguration;
			buildSettings = {
				ALWAYS_SEARCH_USER_PATHS = NO;
				CLANG_ANALYZER_NONNULL = YES;
				CLANG_ANALYZER_NUMBER_OBJECT_CONVERSION = YES_AGGRESSIVE;
				CLANG_CXX_LANGUAGE_STANDARD = "gnu++14";
				CLANG_CXX_LIBRARY = "libc++";
				CLANG_ENABLE_MODULES = YES;
				CLANG_ENABLE_OBJC_ARC = YES;
				CLANG_ENABLE_OBJC_WEAK = YES;
				CLANG_WARN_BLOCK_CAPTURE_AUTORELEASING = YES;
				CLANG_WARN_BOOL_CONVERSION = YES;
				CLANG_WARN_COMMA = YES;
				CLANG_WARN_CONSTANT_CONVERSION = YES;
				CLANG_WARN_DEPRECATED_OBJC_IMPLEMENTATIONS = YES;
				CLANG_WARN_DIRECT_OBJC_ISA_USAGE = YES_ERROR;
				CLANG_WARN_DOCUMENTATION_COMMENTS = YES;
				CLANG_WARN_EMPTY_BODY = YES;
				CLANG_WARN_ENUM_CONVERSION = YES;
				CLANG_WARN_INFINITE_RECURSION = YES;
				CLANG_WARN_INT_CONVERSION = YES;
				CLANG_WARN_NON_LITERAL_NULL_CONVERSION = YES;
				CLANG_WARN_OBJC_IMPLICIT_RETAIN_SELF = YES;
				CLANG_WARN_OBJC_LITERAL_CONVERSION = YES;
				CLANG_WARN_OBJC_ROOT_CLASS = YES_ERROR;
				CLANG_WARN_RANGE_LOOP_ANALYSIS = YES;
				CLANG_WARN_STRICT_PROTOTYPES = YES;
				CLANG_WARN_SUSPICIOUS_MOVE = YES;
				CLANG_WARN_UNGUARDED_AVAILABILITY = YES_AGGRESSIVE;
				CLANG_WARN_UNREACHABLE_CODE = YES;
				CLANG_WARN__DUPLICATE_METHOD_MATCH = YES;
				COPY_PHASE_STRIP = NO;
				DEBUG_INFORMATION_FORMAT = dwarf;
				ENABLE_STRICT_OBJC_MSGSEND = YES;
				ENABLE_TESTABILITY = YES;
				GCC_C_LANGUAGE_STANDARD = gnu11;
				GCC_DYNAMIC_NO_PIC = NO;
				GCC_NO_COMMON_BLOCKS = YES;
				GCC_OPTIMIZATION_LEVEL = 0;
				GCC_PREPROCESSOR_DEFINITIONS = (
					"DEBUG=1",
					"$(inherited)",
				);
				GCC_WARN_64_TO_32_BIT_CONVERSION = YES;
				GCC_WARN_ABOUT_RETURN_TYPE = YES_ERROR;
				GCC_WARN_UNDECLARED_SELECTOR = YES;
				GCC_WARN_UNINITIALIZED_AUTOS = YES_AGGRESSIVE;
				GCC_WARN_UNUSED_FUNCTION = YES;
				GCC_WARN_UNUSED_VARIABLE = YES;
				IPHONEOS_DEPLOYMENT_TARGET = 13.2;
				MTL_ENABLE_DEBUG_INFO = INCLUDE_SOURCE;
				MTL_FAST_MATH = YES;
				ONLY_ACTIVE_ARCH = YES;
				SDKROOT = iphoneos;
				SWIFT_ACTIVE_COMPILATION_CONDITIONS = DEBUG;
				SWIFT_OPTIMIZATION_LEVEL = "-Onone";
			};
			name = Debug;
		};
		E6F681E92456BC64007CD2FA /* Release */ = {
			isa = XCBuildConfiguration;
			buildSettings = {
				ALWAYS_SEARCH_USER_PATHS = NO;
				CLANG_ANALYZER_NONNULL = YES;
				CLANG_ANALYZER_NUMBER_OBJECT_CONVERSION = YES_AGGRESSIVE;
				CLANG_CXX_LANGUAGE_STANDARD = "gnu++14";
				CLANG_CXX_LIBRARY = "libc++";
				CLANG_ENABLE_MODULES = YES;
				CLANG_ENABLE_OBJC_ARC = YES;
				CLANG_ENABLE_OBJC_WEAK = YES;
				CLANG_WARN_BLOCK_CAPTURE_AUTORELEASING = YES;
				CLANG_WARN_BOOL_CONVERSION = YES;
				CLANG_WARN_COMMA = YES;
				CLANG_WARN_CONSTANT_CONVERSION = YES;
				CLANG_WARN_DEPRECATED_OBJC_IMPLEMENTATIONS = YES;
				CLANG_WARN_DIRECT_OBJC_ISA_USAGE = YES_ERROR;
				CLANG_WARN_DOCUMENTATION_COMMENTS = YES;
				CLANG_WARN_EMPTY_BODY = YES;
				CLANG_WARN_ENUM_CONVERSION = YES;
				CLANG_WARN_INFINITE_RECURSION = YES;
				CLANG_WARN_INT_CONVERSION = YES;
				CLANG_WARN_NON_LITERAL_NULL_CONVERSION = YES;
				CLANG_WARN_OBJC_IMPLICIT_RETAIN_SELF = YES;
				CLANG_WARN_OBJC_LITERAL_CONVERSION = YES;
				CLANG_WARN_OBJC_ROOT_CLASS = YES_ERROR;
				CLANG_WARN_RANGE_LOOP_ANALYSIS = YES;
				CLANG_WARN_STRICT_PROTOTYPES = YES;
				CLANG_WARN_SUSPICIOUS_MOVE = YES;
				CLANG_WARN_UNGUARDED_AVAILABILITY = YES_AGGRESSIVE;
				CLANG_WARN_UNREACHABLE_CODE = YES;
				CLANG_WARN__DUPLICATE_METHOD_MATCH = YES;
				COPY_PHASE_STRIP = NO;
				DEBUG_INFORMATION_FORMAT = "dwarf-with-dsym";
				ENABLE_NS_ASSERTIONS = NO;
				ENABLE_STRICT_OBJC_MSGSEND = YES;
				GCC_C_LANGUAGE_STANDARD = gnu11;
				GCC_NO_COMMON_BLOCKS = YES;
				GCC_WARN_64_TO_32_BIT_CONVERSION = YES;
				GCC_WARN_ABOUT_RETURN_TYPE = YES_ERROR;
				GCC_WARN_UNDECLARED_SELECTOR = YES;
				GCC_WARN_UNINITIALIZED_AUTOS = YES_AGGRESSIVE;
				GCC_WARN_UNUSED_FUNCTION = YES;
				GCC_WARN_UNUSED_VARIABLE = YES;
				IPHONEOS_DEPLOYMENT_TARGET = 13.2;
				MTL_ENABLE_DEBUG_INFO = NO;
				MTL_FAST_MATH = YES;
				SDKROOT = iphoneos;
				SWIFT_COMPILATION_MODE = wholemodule;
				SWIFT_OPTIMIZATION_LEVEL = "-O";
				VALIDATE_PRODUCT = YES;
			};
			name = Release;
		};
		E6F681EB2456BC64007CD2FA /* Debug */ = {
			isa = XCBuildConfiguration;
			baseConfigurationReference = E5698BB60CF11E3895F4D94A /* Pods-Bespoke Digital Media learning.debug.xcconfig */;
			buildSettings = {
				ASSETCATALOG_COMPILER_APPICON_NAME = AppIcon;
				CODE_SIGN_STYLE = Automatic;
				INFOPLIST_FILE = "Bespoke Digital Media learning/Info.plist";
				LD_RUNPATH_SEARCH_PATHS = (
					"$(inherited)",
					"@executable_path/Frameworks",
				);
				PRODUCT_BUNDLE_IDENTIFIER = "me.singh.anubhav.Bespoke-Digital-Media-learning";
				PRODUCT_NAME = "$(TARGET_NAME)";
				SWIFT_VERSION = 5.0;
				TARGETED_DEVICE_FAMILY = "1,2";
			};
			name = Debug;
		};
		E6F681EC2456BC64007CD2FA /* Release */ = {
			isa = XCBuildConfiguration;
			baseConfigurationReference = 77F9DA6DB6E3812856104940 /* Pods-Bespoke Digital Media learning.release.xcconfig */;
			buildSettings = {
				ASSETCATALOG_COMPILER_APPICON_NAME = AppIcon;
				CODE_SIGN_STYLE = Automatic;
				INFOPLIST_FILE = "Bespoke Digital Media learning/Info.plist";
				LD_RUNPATH_SEARCH_PATHS = (
					"$(inherited)",
					"@executable_path/Frameworks",
				);
				PRODUCT_BUNDLE_IDENTIFIER = "me.singh.anubhav.Bespoke-Digital-Media-learning";
				PRODUCT_NAME = "$(TARGET_NAME)";
				SWIFT_VERSION = 5.0;
				TARGETED_DEVICE_FAMILY = "1,2";
			};
			name = Release;
		};
/* End XCBuildConfiguration section */

/* Begin XCConfigurationList section */
		E6F681D12456BC5D007CD2FA /* Build configuration list for PBXProject "Bespoke Digital Media learning" */ = {
			isa = XCConfigurationList;
			buildConfigurations = (
				E6F681E82456BC64007CD2FA /* Debug */,
				E6F681E92456BC64007CD2FA /* Release */,
			);
			defaultConfigurationIsVisible = 0;
			defaultConfigurationName = Release;
		};
		E6F681EA2456BC64007CD2FA /* Build configuration list for PBXNativeTarget "Bespoke Digital Media learning" */ = {
			isa = XCConfigurationList;
			buildConfigurations = (
				E6F681EB2456BC64007CD2FA /* Debug */,
				E6F681EC2456BC64007CD2FA /* Release */,
			);
			defaultConfigurationIsVisible = 0;
			defaultConfigurationName = Release;
		};
/* End XCConfigurationList section */
	};
	rootObject = E6F681CE2456BC5D007CD2FA /* Project object */;
}
